
Microsoft Visual Studio Solution File, Format Version 12.00
# Visual Studio Version 16
VisualStudioVersion = 16.0.32126.315
MinimumVisualStudioVersion = 10.0.40219.1
Project("{FAE04EC0-301F-11D3-BF4B-00C04F79EFBC}") = "P129ArrayMethod", "P129ArrayMethod.csproj", "{01719AC8-4533-4209-81C9-4A284C5C30F5}"
EndProject
Global
	GlobalSection(SolutionConfigurationPlatforms) = preSolution
		Debug|Any CPU = Debug|Any CPU
		Release|Any CPU = Release|Any CPU
	EndGlobalSection
	GlobalSection(ProjectConfigurationPlatforms) = postSolution
		{01719AC8-4533-4209-81C9-4A284C5C30F5}.Debug|Any CPU.ActiveCfg = Debug|Any CPU
		{01719AC8-4533-4209-81C9-4A284C5C30F5}.Debug|Any CPU.Build.0 = Debug|Any CPU
		{01719AC8-4533-4209-81C9-4A284C5C30F5}.Release|Any CPU.ActiveCfg = Release|Any CPU
		{01719AC8-4533-4209-81C9-4A284C5C30F5}.Release|Any CPU.Build.0 = Release|Any CPU
	EndGlobalSection
	GlobalSection(SolutionProperties) = preSolution
		HideSolutionNode = FALSE
	EndGlobalSection
	GlobalSection(ExtensibilityGlobals) = postSolution
		SolutionGuid = {288D138A-76C5-47EE-AD18-0D8B11FE0915}
	EndGlobalSection
EndGlobal
